%{
  "aws_signature": {:hex, :aws_signature, "0.3.2", "adf33bc4af00b2089b7708bf20e3246f09c639a905a619b3689f0a0a22c3ef8f", [:rebar3], [], "hexpm", "b0daf61feb4250a8ab0adea60db3e336af732ff71dd3fb22e45ae3dcbd071e44"},
  "axon": {:hex, :axon, "0.6.1", "1d042fdba1c1b4413a3d65800524feebd1bc8ed218f8cdefe7a97510c3f427f3", [:mix], [{:kino, "~> 0.7", [hex: :kino, repo: "hexpm", optional: true]}, {:kino_vega_lite, "~> 0.1.7", [hex: :kino_vega_lite, repo: "hexpm", optional: true]}, {:nx, "~> 0.6.0 or ~> 0.7.0", [hex: :nx, repo: "hexpm", optional: false]}, {:polaris, "~> 0.1", [hex: :polaris, repo: "hexpm", optional: false]}, {:table_rex, "~> 3.1.1", [hex: :table_rex, repo: "hexpm", optional: true]}], "hexpm", "d6b0ae2f0dd284f6bf702edcab71e790d6c01ca502dd06c4070836554f5a48e1"},
  "castore": {:hex, :castore, "1.0.7", "b651241514e5f6956028147fe6637f7ac13802537e895a724f90bf3e36ddd1dd", [:mix], [], "hexpm", "da7785a4b0d2a021cd1292a60875a784b6caef71e76bf4917bdee1f390455cf5"},
  "complex": {:hex, :complex, "0.5.0", "af2d2331ff6170b61bb738695e481b27a66780e18763e066ee2cd863d0b1dd92", [:mix], [], "hexpm", "2683bd3c184466cfb94fad74cbfddfaa94b860e27ad4ca1bffe3bff169d91ef1"},
  "elixir_make": {:hex, :elixir_make, "0.8.4", "4960a03ce79081dee8fe119d80ad372c4e7badb84c493cc75983f9d3bc8bde0f", [:mix], [{:castore, "~> 0.1 or ~> 1.0", [hex: :castore, repo: "hexpm", optional: true]}, {:certifi, "~> 2.0", [hex: :certifi, repo: "hexpm", optional: true]}], "hexpm", "6e7f1d619b5f61dfabd0a20aa268e575572b542ac31723293a4c1a567d5ef040"},
  "exla": {:hex, :exla, "0.7.2", "8ac573093df8e5e6b36845beeb3f5a0ea92b05082bf2fa4678f80170cfc887f6", [:make, :mix], [{:elixir_make, "~> 0.6", [hex: :elixir_make, repo: "hexpm", optional: false]}, {:nimble_pool, "~> 1.0", [hex: :nimble_pool, repo: "hexpm", optional: false]}, {:nx, "~> 0.7.1", [hex: :nx, repo: "hexpm", optional: false]}, {:telemetry, "~> 0.4.0 or ~> 1.0", [hex: :telemetry, repo: "hexpm", optional: false]}, {:xla, "~> 0.6.0", [hex: :xla, repo: "hexpm", optional: false]}], "hexpm", "d061ea87858415e5585cbd4b7bdae5489000339519a2c6a7f51eb0defd73b588"},
  "explorer": {:hex, :explorer, "0.8.2", "03cc29d78995e80f811d09af454913099d98448a25419b1927a1d85fc6c05419", [:mix], [{:adbc, "~> 0.1", [hex: :adbc, repo: "hexpm", optional: true]}, {:aws_signature, "~> 0.3", [hex: :aws_signature, repo: "hexpm", optional: false]}, {:castore, "~> 1.0", [hex: :castore, repo: "hexpm", optional: true]}, {:fss, "~> 0.1", [hex: :fss, repo: "hexpm", optional: false]}, {:nx, "~> 0.4", [hex: :nx, repo: "hexpm", optional: true]}, {:rustler, "~> 0.32.0", [hex: :rustler, repo: "hexpm", optional: true]}, {:rustler_precompiled, "~> 0.7", [hex: :rustler_precompiled, repo: "hexpm", optional: false]}, {:table, "~> 0.1.2", [hex: :table, repo: "hexpm", optional: false]}, {:table_rex, "~> 3.1.1 or ~> 4.0.0", [hex: :table_rex, repo: "hexpm", optional: false]}], "hexpm", "92f343b4e9d43291125b9e8f8f9859b2fd3c931f4d5a0a2e4e8558b808b38be6"},
  "fss": {:hex, :fss, "0.1.1", "9db2344dbbb5d555ce442ac7c2f82dd975b605b50d169314a20f08ed21e08642", [:mix], [], "hexpm", "78ad5955c7919c3764065b21144913df7515d52e228c09427a004afe9c1a16b0"},
  "jason": {:hex, :jason, "1.4.1", "af1504e35f629ddcdd6addb3513c3853991f694921b1b9368b0bd32beb9f1b63", [:mix], [{:decimal, "~> 1.0 or ~> 2.0", [hex: :decimal, repo: "hexpm", optional: true]}], "hexpm", "fbb01ecdfd565b56261302f7e1fcc27c4fb8f32d56eab74db621fc154604a7a1"},
  "kino": {:hex, :kino, "0.12.3", "a5f48a243c60a7ac18ba23869f697b1c775fc7794e8cd55dd248ba33c6fe9445", [:mix], [{:fss, "~> 0.1.0", [hex: :fss, repo: "hexpm", optional: false]}, {:nx, "~> 0.1", [hex: :nx, repo: "hexpm", optional: true]}, {:table, "~> 0.1.2", [hex: :table, repo: "hexpm", optional: false]}], "hexpm", "a6dfa3d54ba0edec9ca6e5940154916b381901001f171c85a2d8c67869dbc2d8"},
  "kino_explorer": {:hex, :kino_explorer, "0.1.19", "742988a1d8eca0245c3e15d4d1a066cada33beb57d0e93803891f7d5178a6bb2", [:mix], [{:explorer, "~> 0.8.0", [hex: :explorer, repo: "hexpm", optional: false]}, {:kino, "~> 0.12.3", [hex: :kino, repo: "hexpm", optional: false]}, {:rustler, "~> 0.29.0", [hex: :rustler, repo: "hexpm", optional: true]}], "hexpm", "86a8b5a9c8b9f03eff34a120ce294bca47df6749104f8b93bfbcb7e91f8a9e10"},
  "kino_vega_lite": {:hex, :kino_vega_lite, "0.1.11", "d3c2a00b3685b95f91833920d06cc9b1fd7fb293a2663d89affe9aaec16a5b77", [:mix], [{:kino, "~> 0.7", [hex: :kino, repo: "hexpm", optional: false]}, {:table, "~> 0.1.0", [hex: :table, repo: "hexpm", optional: false]}, {:vega_lite, "~> 0.1.8", [hex: :vega_lite, repo: "hexpm", optional: false]}], "hexpm", "5ccd9148ce7cfcc95a137e12596cd8b95b371e9ea107e745bc262c39c5d8d48e"},
  "nimble_csv": {:hex, :nimble_csv, "1.2.0", "4e26385d260c61eba9d4412c71cea34421f296d5353f914afe3f2e71cce97722", [:mix], [], "hexpm", "d0628117fcc2148178b034044c55359b26966c6eaa8e2ce15777be3bbc91b12a"},
  "nimble_options": {:hex, :nimble_options, "1.1.1", "e3a492d54d85fc3fd7c5baf411d9d2852922f66e69476317787a7b2bb000a61b", [:mix], [], "hexpm", "821b2470ca9442c4b6984882fe9bb0389371b8ddec4d45a9504f00a66f650b44"},
  "nimble_pool": {:hex, :nimble_pool, "1.1.0", "bf9c29fbdcba3564a8b800d1eeb5a3c58f36e1e11d7b7fb2e084a643f645f06b", [:mix], [], "hexpm", "af2e4e6b34197db81f7aad230c1118eac993acc0dae6bc83bac0126d4ae0813a"},
  "nx": {:hex, :nx, "0.7.2", "7f6f6584585e49ffbf81769e7ccc2d01c5639074e399c1f94adc2b509869673e", [:mix], [{:complex, "~> 0.5", [hex: :complex, repo: "hexpm", optional: false]}, {:telemetry, "~> 0.4.0 or ~> 1.0", [hex: :telemetry, repo: "hexpm", optional: false]}], "hexpm", "e2c0680066eec5af8b8ef00c99e9bf40a0d08d8b2bbba77f59f801ec54a3f90e"},
  "polaris": {:hex, :polaris, "0.1.0", "dca61b18e3e801ecdae6ac9f0eca5f19792b44a5cb4b8d63db50fc40fc038d22", [:mix], [{:nx, "~> 0.5", [hex: :nx, repo: "hexpm", optional: false]}], "hexpm", "13ef2b166650e533cb24b10e2f3b8ab4f2f449ba4d63156e8c569527f206e2c2"},
  "rustler_precompiled": {:hex, :rustler_precompiled, "0.7.1", "ecadf02cc59a0eccbaed6c1937303a5827fbcf60010c541595e6d3747d3d0f9f", [:mix], [{:castore, "~> 0.1 or ~> 1.0", [hex: :castore, repo: "hexpm", optional: false]}, {:rustler, "~> 0.23", [hex: :rustler, repo: "hexpm", optional: true]}], "hexpm", "b9e4657b99a1483ea31502e1d58c464bedebe9028808eda45c3a429af4550c66"},
  "scholar": {:hex, :scholar, "0.3.0", "31540728bbbdc488addedca2ea78e991b11f840b83f06d7a1dbb1f0f1f60437a", [:mix], [{:nimble_options, "~> 0.5.2 or ~> 1.0", [hex: :nimble_options, repo: "hexpm", optional: false]}, {:nx, "~> 0.7", [hex: :nx, repo: "hexpm", optional: false]}, {:polaris, "~> 0.1", [hex: :polaris, repo: "hexpm", optional: false]}], "hexpm", "2dbb756bc77e78502eb6f8298cef3251682bcce46e535cf9ada831d08726c435"},
  "table": {:hex, :table, "0.1.2", "87ad1125f5b70c5dea0307aa633194083eb5182ec537efc94e96af08937e14a8", [:mix], [], "hexpm", "7e99bc7efef806315c7e65640724bf165c3061cdc5d854060f74468367065029"},
  "table_rex": {:hex, :table_rex, "3.1.1", "0c67164d1714b5e806d5067c1e96ff098ba7ae79413cc075973e17c38a587caa", [:mix], [], "hexpm", "678a23aba4d670419c23c17790f9dcd635a4a89022040df7d5d772cb21012490"},
  "telemetry": {:hex, :telemetry, "1.2.1", "68fdfe8d8f05a8428483a97d7aab2f268aaff24b49e0f599faa091f1d4e7f61c", [:rebar3], [], "hexpm", "dad9ce9d8effc621708f99eac538ef1cbe05d6a874dd741de2e689c47feafed5"},
  "tucan": {:hex, :tucan, "0.3.1", "77c16a695f4315e0f57896ad3954b3096ab621bc73864315af5bdd0ca7797e4a", [:mix], [{:jason, "~> 1.4", [hex: :jason, repo: "hexpm", optional: false]}, {:nimble_options, "~> 1.1", [hex: :nimble_options, repo: "hexpm", optional: false]}, {:nx, "~> 0.6", [hex: :nx, repo: "hexpm", optional: true]}, {:vega_lite, "~> 0.1.8", [hex: :vega_lite, repo: "hexpm", optional: false]}], "hexpm", "5d6ef4fb96e4523dde6dcb86a1de6659b0236a46e5e262e9ea847a759d6489b0"},
  "vega_lite": {:hex, :vega_lite, "0.1.9", "d7a288665f916181b68d0a3617f1b3611d16a4dcd5fafb51b847b71db1159d4c", [:mix], [{:table, "~> 0.1.0", [hex: :table, repo: "hexpm", optional: false]}], "hexpm", "c6a056e763162198e73ae6dfb46c09753bb0298474410fd085074e1cdcee7418"},
  "xla": {:hex, :xla, "0.6.0", "67bb7695efa4a23b06211dc212de6a72af1ad5a9e17325e05e0a87e4c241feb8", [:make, :mix], [{:elixir_make, "~> 0.4", [hex: :elixir_make, repo: "hexpm", optional: false]}], "hexpm", "dd074daf942312c6da87c7ed61b62fb1a075bced157f1cc4d47af2d7c9f44fb7"},
}
